
Microsoft Visual Studio Solution File, Format Version 12.00
# Visual Studio Version 16
VisualStudioVersion = 16.0.30804.86
MinimumVisualStudioVersion = 10.0.40219.1
Project("{FAE04EC0-301F-11D3-BF4B-00C04F79EFBC}") = "Cthulhu.CoreLib", "Cthulhu.CoreLib\Cthulhu.CoreLib.csproj", "{31B68E4E-47D9-47ED-B590-CC9CBC60229F}"
EndProject
Project("{FAE04EC0-301F-11D3-BF4B-00C04F79EFBC}") = "Cthulhu.Service", "Cthulhu.Service\Cthulhu.Service.csproj", "{83A60BE2-0B4A-400B-A041-C3FC09FBFE25}"
EndProject
Project("{FAE04EC0-301F-11D3-BF4B-00C04F79EFBC}") = "TestSite", "TestSite\TestSite.csproj", "{3F871EE6-41A6-4F65-A576-C70C907572D4}"
EndProject
Project("{E53339B2-1760-4266-BCC7-CA923CBCF16C}") = "docker-compose", "docker-compose.dcproj", "{DD681FA8-B86E-4FAD-B650-46F0CD2763FB}"
EndProject
Global
	GlobalSection(SolutionConfigurationPlatforms) = preSolution
		Debug|Any CPU = Debug|Any CPU
		Release|Any CPU = Release|Any CPU
	EndGlobalSection
	GlobalSection(ProjectConfigurationPlatforms) = postSolution
		{31B68E4E-47D9-47ED-B590-CC9CBC60229F}.Debug|Any CPU.ActiveCfg = Debug|Any CPU
		{31B68E4E-47D9-47ED-B590-CC9CBC60229F}.Debug|Any CPU.Build.0 = Debug|Any CPU
		{31B68E4E-47D9-47ED-B590-CC9CBC60229F}.Release|Any CPU.ActiveCfg = Release|Any CPU
		{31B68E4E-47D9-47ED-B590-CC9CBC60229F}.Release|Any CPU.Build.0 = Release|Any CPU
		{83A60BE2-0B4A-400B-A041-C3FC09FBFE25}.Debug|Any CPU.ActiveCfg = Debug|Any CPU
		{83A60BE2-0B4A-400B-A041-C3FC09FBFE25}.Debug|Any CPU.Build.0 = Debug|Any CPU
		{83A60BE2-0B4A-400B-A041-C3FC09FBFE25}.Release|Any CPU.ActiveCfg = Release|Any CPU
		{83A60BE2-0B4A-400B-A041-C3FC09FBFE25}.Release|Any CPU.Build.0 = Release|Any CPU
		{3F871EE6-41A6-4F65-A576-C70C907572D4}.Debug|Any CPU.ActiveCfg = Debug|Any CPU
		{3F871EE6-41A6-4F65-A576-C70C907572D4}.Debug|Any CPU.Build.0 = Debug|Any CPU
		{3F871EE6-41A6-4F65-A576-C70C907572D4}.Release|Any CPU.ActiveCfg = Release|Any CPU
		{3F871EE6-41A6-4F65-A576-C70C907572D4}.Release|Any CPU.Build.0 = Release|Any CPU
		{DD681FA8-B86E-4FAD-B650-46F0CD2763FB}.Debug|Any CPU.ActiveCfg = Debug|Any CPU
		{DD681FA8-B86E-4FAD-B650-46F0CD2763FB}.Debug|Any CPU.Build.0 = Debug|Any CPU
		{DD681FA8-B86E-4FAD-B650-46F0CD2763FB}.Release|Any CPU.ActiveCfg = Release|Any CPU
		{DD681FA8-B86E-4FAD-B650-46F0CD2763FB}.Release|Any CPU.Build.0 = Release|Any CPU
	EndGlobalSection
	GlobalSection(SolutionProperties) = preSolution
		HideSolutionNode = FALSE
	EndGlobalSection
	GlobalSection(ExtensibilityGlobals) = postSolution
		SolutionGuid = {7D8D33B4-DB5C-44AE-A5AA-C458BFB56E8A}
	EndGlobalSection
EndGlobal
