
Microsoft Visual Studio Solution File, Format Version 12.00
# Visual Studio Version 17
VisualStudioVersion = 17.3.32929.385
MinimumVisualStudioVersion = 10.0.40219.1
Project("{9A19103F-16F7-4668-BE54-9A1E7A4F7556}") = "Cthulhu.Service", "Cthulhu.Service\Cthulhu.Service.csproj", "{953B9D04-8767-46DF-9477-38D950D3EB84}"
EndProject
Project("{E53339B2-1760-4266-BCC7-CA923CBCF16C}") = "docker-compose", "docker-compose.dcproj", "{9C40A824-3129-40DB-90EF-A8CC67DE5308}"
EndProject
Global
	GlobalSection(SolutionConfigurationPlatforms) = preSolution
		Debug|Any CPU = Debug|Any CPU
		Release|Any CPU = Release|Any CPU
	EndGlobalSection
	GlobalSection(ProjectConfigurationPlatforms) = postSolution
		{953B9D04-8767-46DF-9477-38D950D3EB84}.Debug|Any CPU.ActiveCfg = Debug|Any CPU
		{953B9D04-8767-46DF-9477-38D950D3EB84}.Debug|Any CPU.Build.0 = Debug|Any CPU
		{953B9D04-8767-46DF-9477-38D950D3EB84}.Release|Any CPU.ActiveCfg = Release|Any CPU
		{953B9D04-8767-46DF-9477-38D950D3EB84}.Release|Any CPU.Build.0 = Release|Any CPU
		{9C40A824-3129-40DB-90EF-A8CC67DE5308}.Debug|Any CPU.ActiveCfg = Debug|Any CPU
		{9C40A824-3129-40DB-90EF-A8CC67DE5308}.Debug|Any CPU.Build.0 = Debug|Any CPU
		{9C40A824-3129-40DB-90EF-A8CC67DE5308}.Release|Any CPU.ActiveCfg = Release|Any CPU
		{9C40A824-3129-40DB-90EF-A8CC67DE5308}.Release|Any CPU.Build.0 = Release|Any CPU
	EndGlobalSection
	GlobalSection(SolutionProperties) = preSolution
		HideSolutionNode = FALSE
	EndGlobalSection
	GlobalSection(ExtensibilityGlobals) = postSolution
		SolutionGuid = {7D8D33B4-DB5C-44AE-A5AA-C458BFB56E8A}
	EndGlobalSection
EndGlobal
